
Microsoft Visual Studio Solution File, Format Version 12.00
# Visual Studio 15
VisualStudioVersion = 15.0.28307.572
MinimumVisualStudioVersion = 10.0.40219.1
Project("{8BC9CEB8-8B4A-11D0-8D11-00A0C91BC942}") = "dz3-1", "dz3-1\dz3-1.vcxproj", "{4BC89C40-CFB1-4100-8BC0-E442EB4C3147}"
EndProject
Global
	GlobalSection(SolutionConfigurationPlatforms) = preSolution
		Debug|x64 = Debug|x64
		Debug|x86 = Debug|x86
		Release|x64 = Release|x64
		Release|x86 = Release|x86
	EndGlobalSection
	GlobalSection(ProjectConfigurationPlatforms) = postSolution
		{4BC89C40-CFB1-4100-8BC0-E442EB4C3147}.Debug|x64.ActiveCfg = Debug|x64
		{4BC89C40-CFB1-4100-8BC0-E442EB4C3147}.Debug|x64.Build.0 = Debug|x64
		{4BC89C40-CFB1-4100-8BC0-E442EB4C3147}.Debug|x86.ActiveCfg = Debug|Win32
		{4BC89C40-CFB1-4100-8BC0-E442EB4C3147}.Debug|x86.Build.0 = Debug|Win32
		{4BC89C40-CFB1-4100-8BC0-E442EB4C3147}.Release|x64.ActiveCfg = Release|x64
		{4BC89C40-CFB1-4100-8BC0-E442EB4C3147}.Release|x64.Build.0 = Release|x64
		{4BC89C40-CFB1-4100-8BC0-E442EB4C3147}.Release|x86.ActiveCfg = Release|Win32
		{4BC89C40-CFB1-4100-8BC0-E442EB4C3147}.Release|x86.Build.0 = Release|Win32
	EndGlobalSection
	GlobalSection(SolutionProperties) = preSolution
		HideSolutionNode = FALSE
	EndGlobalSection
	GlobalSection(ExtensibilityGlobals) = postSolution
		SolutionGuid = {790E05F6-C67F-4B2A-80FF-F5D800FDFE6A}
	EndGlobalSection
EndGlobal
